
Microsoft Visual Studio Solution File, Format Version 12.00
# Visual Studio Version 16
VisualStudioVersion = 16.0.33529.622
MinimumVisualStudioVersion = 10.0.40219.1
Project("{FAE04EC0-301F-11D3-BF4B-00C04F79EFBC}") = "ServicioGestor_Juegos", "ServicioGestor_Juegos\ServicioGestor_Juegos.csproj", "{0926B372-5778-4CE0-8C72-F3F847541F78}"
EndProject
Project("{FAE04EC0-301F-11D3-BF4B-00C04F79EFBC}") = "ServidorSudoku", "ServidorSudoku\ServidorSudoku.csproj", "{C7A1CD6E-1DAA-426F-87D6-7043CECAD48C}"
EndProject
Project("{FAE04EC0-301F-11D3-BF4B-00C04F79EFBC}") = "ClienteSudoku", "ClienteSudoku\ClienteSudoku.csproj", "{8C193ABA-8A15-49EA-AD5F-A3C7312F96A9}"
EndProject
Global
	GlobalSection(SolutionConfigurationPlatforms) = preSolution
		Debug|Any CPU = Debug|Any CPU
		Release|Any CPU = Release|Any CPU
	EndGlobalSection
	GlobalSection(ProjectConfigurationPlatforms) = postSolution
		{0926B372-5778-4CE0-8C72-F3F847541F78}.Debug|Any CPU.ActiveCfg = Debug|Any CPU
		{0926B372-5778-4CE0-8C72-F3F847541F78}.Debug|Any CPU.Build.0 = Debug|Any CPU
		{0926B372-5778-4CE0-8C72-F3F847541F78}.Release|Any CPU.ActiveCfg = Release|Any CPU
		{0926B372-5778-4CE0-8C72-F3F847541F78}.Release|Any CPU.Build.0 = Release|Any CPU
		{C7A1CD6E-1DAA-426F-87D6-7043CECAD48C}.Debug|Any CPU.ActiveCfg = Debug|Any CPU
		{C7A1CD6E-1DAA-426F-87D6-7043CECAD48C}.Debug|Any CPU.Build.0 = Debug|Any CPU
		{C7A1CD6E-1DAA-426F-87D6-7043CECAD48C}.Release|Any CPU.ActiveCfg = Release|Any CPU
		{C7A1CD6E-1DAA-426F-87D6-7043CECAD48C}.Release|Any CPU.Build.0 = Release|Any CPU
		{8C193ABA-8A15-49EA-AD5F-A3C7312F96A9}.Debug|Any CPU.ActiveCfg = Debug|Any CPU
		{8C193ABA-8A15-49EA-AD5F-A3C7312F96A9}.Debug|Any CPU.Build.0 = Debug|Any CPU
		{8C193ABA-8A15-49EA-AD5F-A3C7312F96A9}.Release|Any CPU.ActiveCfg = Release|Any CPU
		{8C193ABA-8A15-49EA-AD5F-A3C7312F96A9}.Release|Any CPU.Build.0 = Release|Any CPU
	EndGlobalSection
	GlobalSection(SolutionProperties) = preSolution
		HideSolutionNode = FALSE
	EndGlobalSection
	GlobalSection(ExtensibilityGlobals) = postSolution
		SolutionGuid = {379A4800-BC72-470A-8E3E-99EF1B6711BB}
	EndGlobalSection
EndGlobal
